
Microsoft Visual Studio Solution File, Format Version 11.00
# Visual Studio 2010
Project("{FAE04EC0-301F-11D3-BF4B-00C04F79EFBC}") = "UtilsTool", "UtilsTool.csproj", "{DF6A5A78-A0BE-425F-877D-7E9DE51849F7}"
EndProject
Global
	GlobalSection(SolutionConfigurationPlatforms) = preSolution
		Debug|x86 = Debug|x86
		Release|x86 = Release|x86
	EndGlobalSection
	GlobalSection(ProjectConfigurationPlatforms) = postSolution
		{DF6A5A78-A0BE-425F-877D-7E9DE51849F7}.Debug|x86.ActiveCfg = Debug|x86
		{DF6A5A78-A0BE-425F-877D-7E9DE51849F7}.Debug|x86.Build.0 = Debug|x86
		{DF6A5A78-A0BE-425F-877D-7E9DE51849F7}.Release|x86.ActiveCfg = Release|x86
		{DF6A5A78-A0BE-425F-877D-7E9DE51849F7}.Release|x86.Build.0 = Release|x86
	EndGlobalSection
	GlobalSection(SolutionProperties) = preSolution
		HideSolutionNode = FALSE
	EndGlobalSection
EndGlobal
