
Microsoft Visual Studio Solution File, Format Version 11.00
# Visual Studio 2010
Project("{FAE04EC0-301F-11D3-BF4B-00C04F79EFBC}") = "ReflectionTest", "ReflectionTest.csproj", "{14732985-0EB4-421B-A2C8-1C6B0B6A696C}"
EndProject
Project("{FAE04EC0-301F-11D3-BF4B-00C04F79EFBC}") = "MyLib", "MyLib\MyLib.csproj", "{3DE45196-6A0C-40B4-BAB8-7195E270B1F5}"
EndProject
Project("{2150E333-8FDC-42A3-9474-1A3956D46DE8}") = "构建可扩展应用", "构建可扩展应用", "{9D7880FE-AEA4-46B8-B947-74D83550B74C}"
EndProject
Project("{FAE04EC0-301F-11D3-BF4B-00C04F79EFBC}") = "host", "构建可扩展应用\应用\host.csproj", "{9E662490-BF89-464A-951C-BB40AEC0715F}"
EndProject
Project("{FAE04EC0-301F-11D3-BF4B-00C04F79EFBC}") = "sdk", "构建可扩展应用\接口\sdk.csproj", "{02398966-A60A-4212-A883-4E14E9EBC89F}"
EndProject
Project("{FAE04EC0-301F-11D3-BF4B-00C04F79EFBC}") = "plugin", "构建可扩展应用\插件\plugin.csproj", "{EF1AA8F8-0C4F-453A-B3F5-3483373835DE}"
EndProject
Project("{2150E333-8FDC-42A3-9474-1A3956D46DE8}") = "构建可热拔插应用", "构建可热拔插应用", "{03E060ED-A654-4D3D-9585-F3C6349F19BF}"
EndProject
Project("{2150E333-8FDC-42A3-9474-1A3956D46DE8}") = "1.托管DLL", "1.托管DLL", "{5D3AB38D-AC49-4A08-8EA8-27C9BE4A2BCD}"
EndProject
Project("{FAE04EC0-301F-11D3-BF4B-00C04F79EFBC}") = "plugin", "构建可热拔插应用\托管DLL\插件\plugin.csproj", "{B5D66A9A-E4E4-405A-BBA9-4CCD7D8ACB2B}"
EndProject
Project("{FAE04EC0-301F-11D3-BF4B-00C04F79EFBC}") = "sdk", "构建可热拔插应用\托管DLL\接口\sdk.csproj", "{B67B411C-4B6E-4468-B8DA-F956D22E0D60}"
EndProject
Project("{2150E333-8FDC-42A3-9474-1A3956D46DE8}") = "应用", "应用", "{B1F846B2-1807-4192-BA28-4DED5F52903F}"
EndProject
Project("{2150E333-8FDC-42A3-9474-1A3956D46DE8}") = "0.示例", "0.示例", "{63586193-26C9-400D-A622-19CC02C658FE}"
EndProject
Project("{2150E333-8FDC-42A3-9474-1A3956D46DE8}") = "1.依赖于接口", "1.依赖于接口", "{D1141991-EB02-463F-A104-873FD7D1EAF3}"
EndProject
Project("{2150E333-8FDC-42A3-9474-1A3956D46DE8}") = "2.不依赖于接口", "2.不依赖于接口", "{5D0F0C70-7B8E-41C0-8CCB-302E827C5F51}"
EndProject
Project("{FAE04EC0-301F-11D3-BF4B-00C04F79EFBC}") = "host", "构建可热拔插应用\托管DLL\应用\0.示例\host.csproj", "{E07EAFEE-18D0-4A7F-8405-9A093D4E2EA7}"
EndProject
Project("{FAE04EC0-301F-11D3-BF4B-00C04F79EFBC}") = "host", "构建可热拔插应用\托管DLL\应用\1.依赖于接口\host.csproj", "{C4B37C35-BCE4-4357-B204-9646C1ACC8C9}"
EndProject
Project("{FAE04EC0-301F-11D3-BF4B-00C04F79EFBC}") = "host", "构建可热拔插应用\托管DLL\应用\2.不依赖于接口\host.csproj", "{C89C868A-8F9F-4B87-ACCD-A0322633E122}"
EndProject
Project("{2150E333-8FDC-42A3-9474-1A3956D46DE8}") = "2.非托管DLL", "2.非托管DLL", "{D8D4029A-92B7-4E6D-A998-2438A8D56278}"
EndProject
Project("{8BC9CEB8-8B4A-11D0-8D11-00A0C91BC942}") = "plugin", "构建可热拔插应用\非托管DLL\插件\plugin.vcxproj", "{0CBA28CF-3B7F-4615-96BF-93E4F33DC421}"
EndProject
Project("{FAE04EC0-301F-11D3-BF4B-00C04F79EFBC}") = "host", "构建可热拔插应用\非托管DLL\应用\host.csproj", "{78902E56-0720-4DFC-9983-A80A63C8156A}"
EndProject
Project("{2150E333-8FDC-42A3-9474-1A3956D46DE8}") = "3.综合DLL", "3.综合DLL", "{175F9606-39AE-4754-901D-BBB310B71705}"
EndProject
Project("{FAE04EC0-301F-11D3-BF4B-00C04F79EFBC}") = "host", "构建可热拔插应用\综合DLL\应用\host.csproj", "{7C54A782-6887-4627-88F2-7F21A49F58BD}"
EndProject
Project("{FAE04EC0-301F-11D3-BF4B-00C04F79EFBC}") = "pluginManaged", "构建可热拔插应用\综合DLL\插件\托管DLL\plugin\pluginManaged.csproj", "{9321DB8F-89F1-482A-BAF9-10B4647654F8}"
EndProject
Project("{2150E333-8FDC-42A3-9474-1A3956D46DE8}") = "1.托管插件", "1.托管插件", "{E632871E-B9A7-4178-9392-F245BDF94EED}"
EndProject
Project("{FAE04EC0-301F-11D3-BF4B-00C04F79EFBC}") = "sdk", "构建可热拔插应用\综合DLL\插件\托管DLL\sdk\sdk.csproj", "{2220A42D-0D9D-4E57-84A3-D2CB5012C6A4}"
EndProject
Project("{2150E333-8FDC-42A3-9474-1A3956D46DE8}") = "2.非托管插件", "2.非托管插件", "{72E9D9E6-5E2D-4842-8053-AF0EAA9A04C8}"
EndProject
Project("{8BC9CEB8-8B4A-11D0-8D11-00A0C91BC942}") = "pluginUnmanaged", "构建可热拔插应用\综合DLL\插件\非托管DLL\plugin.vcxproj", "{94F11967-AC01-4543-943C-C6EDE00FAAD5}"
EndProject
Global
	GlobalSection(SolutionConfigurationPlatforms) = preSolution
		Debug|Any CPU = Debug|Any CPU
		Debug|Mixed Platforms = Debug|Mixed Platforms
		Debug|Win32 = Debug|Win32
		Debug|x86 = Debug|x86
		Release|Any CPU = Release|Any CPU
		Release|Mixed Platforms = Release|Mixed Platforms
		Release|Win32 = Release|Win32
		Release|x86 = Release|x86
	EndGlobalSection
	GlobalSection(ProjectConfigurationPlatforms) = postSolution
		{14732985-0EB4-421B-A2C8-1C6B0B6A696C}.Debug|Any CPU.ActiveCfg = Debug|x86
		{14732985-0EB4-421B-A2C8-1C6B0B6A696C}.Debug|Mixed Platforms.ActiveCfg = Debug|x86
		{14732985-0EB4-421B-A2C8-1C6B0B6A696C}.Debug|Mixed Platforms.Build.0 = Debug|x86
		{14732985-0EB4-421B-A2C8-1C6B0B6A696C}.Debug|Win32.ActiveCfg = Debug|x86
		{14732985-0EB4-421B-A2C8-1C6B0B6A696C}.Debug|x86.ActiveCfg = Debug|x86
		{14732985-0EB4-421B-A2C8-1C6B0B6A696C}.Debug|x86.Build.0 = Debug|x86
		{14732985-0EB4-421B-A2C8-1C6B0B6A696C}.Release|Any CPU.ActiveCfg = Release|x86
		{14732985-0EB4-421B-A2C8-1C6B0B6A696C}.Release|Mixed Platforms.ActiveCfg = Release|x86
		{14732985-0EB4-421B-A2C8-1C6B0B6A696C}.Release|Mixed Platforms.Build.0 = Release|x86
		{14732985-0EB4-421B-A2C8-1C6B0B6A696C}.Release|Win32.ActiveCfg = Release|x86
		{14732985-0EB4-421B-A2C8-1C6B0B6A696C}.Release|x86.ActiveCfg = Release|x86
		{14732985-0EB4-421B-A2C8-1C6B0B6A696C}.Release|x86.Build.0 = Release|x86
		{3DE45196-6A0C-40B4-BAB8-7195E270B1F5}.Debug|Any CPU.ActiveCfg = Debug|x86
		{3DE45196-6A0C-40B4-BAB8-7195E270B1F5}.Debug|Mixed Platforms.ActiveCfg = Debug|x86
		{3DE45196-6A0C-40B4-BAB8-7195E270B1F5}.Debug|Mixed Platforms.Build.0 = Debug|x86
		{3DE45196-6A0C-40B4-BAB8-7195E270B1F5}.Debug|Win32.ActiveCfg = Debug|x86
		{3DE45196-6A0C-40B4-BAB8-7195E270B1F5}.Debug|x86.ActiveCfg = Debug|x86
		{3DE45196-6A0C-40B4-BAB8-7195E270B1F5}.Debug|x86.Build.0 = Debug|x86
		{3DE45196-6A0C-40B4-BAB8-7195E270B1F5}.Release|Any CPU.ActiveCfg = Release|x86
		{3DE45196-6A0C-40B4-BAB8-7195E270B1F5}.Release|Mixed Platforms.ActiveCfg = Release|x86
		{3DE45196-6A0C-40B4-BAB8-7195E270B1F5}.Release|Mixed Platforms.Build.0 = Release|x86
		{3DE45196-6A0C-40B4-BAB8-7195E270B1F5}.Release|Win32.ActiveCfg = Release|x86
		{3DE45196-6A0C-40B4-BAB8-7195E270B1F5}.Release|x86.ActiveCfg = Release|x86
		{3DE45196-6A0C-40B4-BAB8-7195E270B1F5}.Release|x86.Build.0 = Release|x86
		{9E662490-BF89-464A-951C-BB40AEC0715F}.Debug|Any CPU.ActiveCfg = Debug|x86
		{9E662490-BF89-464A-951C-BB40AEC0715F}.Debug|Mixed Platforms.ActiveCfg = Debug|x86
		{9E662490-BF89-464A-951C-BB40AEC0715F}.Debug|Mixed Platforms.Build.0 = Debug|x86
		{9E662490-BF89-464A-951C-BB40AEC0715F}.Debug|Win32.ActiveCfg = Debug|x86
		{9E662490-BF89-464A-951C-BB40AEC0715F}.Debug|x86.ActiveCfg = Debug|x86
		{9E662490-BF89-464A-951C-BB40AEC0715F}.Debug|x86.Build.0 = Debug|x86
		{9E662490-BF89-464A-951C-BB40AEC0715F}.Release|Any CPU.ActiveCfg = Release|x86
		{9E662490-BF89-464A-951C-BB40AEC0715F}.Release|Mixed Platforms.ActiveCfg = Release|x86
		{9E662490-BF89-464A-951C-BB40AEC0715F}.Release|Mixed Platforms.Build.0 = Release|x86
		{9E662490-BF89-464A-951C-BB40AEC0715F}.Release|Win32.ActiveCfg = Release|x86
		{9E662490-BF89-464A-951C-BB40AEC0715F}.Release|x86.ActiveCfg = Release|x86
		{9E662490-BF89-464A-951C-BB40AEC0715F}.Release|x86.Build.0 = Release|x86
		{02398966-A60A-4212-A883-4E14E9EBC89F}.Debug|Any CPU.ActiveCfg = Debug|Any CPU
		{02398966-A60A-4212-A883-4E14E9EBC89F}.Debug|Any CPU.Build.0 = Debug|Any CPU
		{02398966-A60A-4212-A883-4E14E9EBC89F}.Debug|Mixed Platforms.ActiveCfg = Debug|Any CPU
		{02398966-A60A-4212-A883-4E14E9EBC89F}.Debug|Mixed Platforms.Build.0 = Debug|Any CPU
		{02398966-A60A-4212-A883-4E14E9EBC89F}.Debug|Win32.ActiveCfg = Debug|Any CPU
		{02398966-A60A-4212-A883-4E14E9EBC89F}.Debug|x86.ActiveCfg = Debug|Any CPU
		{02398966-A60A-4212-A883-4E14E9EBC89F}.Release|Any CPU.ActiveCfg = Release|Any CPU
		{02398966-A60A-4212-A883-4E14E9EBC89F}.Release|Any CPU.Build.0 = Release|Any CPU
		{02398966-A60A-4212-A883-4E14E9EBC89F}.Release|Mixed Platforms.ActiveCfg = Release|Any CPU
		{02398966-A60A-4212-A883-4E14E9EBC89F}.Release|Mixed Platforms.Build.0 = Release|Any CPU
		{02398966-A60A-4212-A883-4E14E9EBC89F}.Release|Win32.ActiveCfg = Release|Any CPU
		{02398966-A60A-4212-A883-4E14E9EBC89F}.Release|x86.ActiveCfg = Release|Any CPU
		{EF1AA8F8-0C4F-453A-B3F5-3483373835DE}.Debug|Any CPU.ActiveCfg = Debug|Any CPU
		{EF1AA8F8-0C4F-453A-B3F5-3483373835DE}.Debug|Any CPU.Build.0 = Debug|Any CPU
		{EF1AA8F8-0C4F-453A-B3F5-3483373835DE}.Debug|Mixed Platforms.ActiveCfg = Debug|Any CPU
		{EF1AA8F8-0C4F-453A-B3F5-3483373835DE}.Debug|Mixed Platforms.Build.0 = Debug|Any CPU
		{EF1AA8F8-0C4F-453A-B3F5-3483373835DE}.Debug|Win32.ActiveCfg = Debug|Any CPU
		{EF1AA8F8-0C4F-453A-B3F5-3483373835DE}.Debug|x86.ActiveCfg = Debug|Any CPU
		{EF1AA8F8-0C4F-453A-B3F5-3483373835DE}.Release|Any CPU.ActiveCfg = Release|Any CPU
		{EF1AA8F8-0C4F-453A-B3F5-3483373835DE}.Release|Any CPU.Build.0 = Release|Any CPU
		{EF1AA8F8-0C4F-453A-B3F5-3483373835DE}.Release|Mixed Platforms.ActiveCfg = Release|Any CPU
		{EF1AA8F8-0C4F-453A-B3F5-3483373835DE}.Release|Mixed Platforms.Build.0 = Release|Any CPU
		{EF1AA8F8-0C4F-453A-B3F5-3483373835DE}.Release|Win32.ActiveCfg = Release|Any CPU
		{EF1AA8F8-0C4F-453A-B3F5-3483373835DE}.Release|x86.ActiveCfg = Release|Any CPU
		{B5D66A9A-E4E4-405A-BBA9-4CCD7D8ACB2B}.Debug|Any CPU.ActiveCfg = Debug|Any CPU
		{B5D66A9A-E4E4-405A-BBA9-4CCD7D8ACB2B}.Debug|Any CPU.Build.0 = Debug|Any CPU
		{B5D66A9A-E4E4-405A-BBA9-4CCD7D8ACB2B}.Debug|Mixed Platforms.ActiveCfg = Debug|Any CPU
		{B5D66A9A-E4E4-405A-BBA9-4CCD7D8ACB2B}.Debug|Mixed Platforms.Build.0 = Debug|Any CPU
		{B5D66A9A-E4E4-405A-BBA9-4CCD7D8ACB2B}.Debug|Win32.ActiveCfg = Debug|Any CPU
		{B5D66A9A-E4E4-405A-BBA9-4CCD7D8ACB2B}.Debug|x86.ActiveCfg = Debug|Any CPU
		{B5D66A9A-E4E4-405A-BBA9-4CCD7D8ACB2B}.Release|Any CPU.ActiveCfg = Release|Any CPU
		{B5D66A9A-E4E4-405A-BBA9-4CCD7D8ACB2B}.Release|Any CPU.Build.0 = Release|Any CPU
		{B5D66A9A-E4E4-405A-BBA9-4CCD7D8ACB2B}.Release|Mixed Platforms.ActiveCfg = Release|Any CPU
		{B5D66A9A-E4E4-405A-BBA9-4CCD7D8ACB2B}.Release|Mixed Platforms.Build.0 = Release|Any CPU
		{B5D66A9A-E4E4-405A-BBA9-4CCD7D8ACB2B}.Release|Win32.ActiveCfg = Release|Any CPU
		{B5D66A9A-E4E4-405A-BBA9-4CCD7D8ACB2B}.Release|x86.ActiveCfg = Release|Any CPU
		{B67B411C-4B6E-4468-B8DA-F956D22E0D60}.Debug|Any CPU.ActiveCfg = Debug|Any CPU
		{B67B411C-4B6E-4468-B8DA-F956D22E0D60}.Debug|Any CPU.Build.0 = Debug|Any CPU
		{B67B411C-4B6E-4468-B8DA-F956D22E0D60}.Debug|Mixed Platforms.ActiveCfg = Debug|Any CPU
		{B67B411C-4B6E-4468-B8DA-F956D22E0D60}.Debug|Mixed Platforms.Build.0 = Debug|Any CPU
		{B67B411C-4B6E-4468-B8DA-F956D22E0D60}.Debug|Win32.ActiveCfg = Debug|Any CPU
		{B67B411C-4B6E-4468-B8DA-F956D22E0D60}.Debug|x86.ActiveCfg = Debug|Any CPU
		{B67B411C-4B6E-4468-B8DA-F956D22E0D60}.Release|Any CPU.ActiveCfg = Release|Any CPU
		{B67B411C-4B6E-4468-B8DA-F956D22E0D60}.Release|Any CPU.Build.0 = Release|Any CPU
		{B67B411C-4B6E-4468-B8DA-F956D22E0D60}.Release|Mixed Platforms.ActiveCfg = Release|Any CPU
		{B67B411C-4B6E-4468-B8DA-F956D22E0D60}.Release|Mixed Platforms.Build.0 = Release|Any CPU
		{B67B411C-4B6E-4468-B8DA-F956D22E0D60}.Release|Win32.ActiveCfg = Release|Any CPU
		{B67B411C-4B6E-4468-B8DA-F956D22E0D60}.Release|x86.ActiveCfg = Release|Any CPU
		{E07EAFEE-18D0-4A7F-8405-9A093D4E2EA7}.Debug|Any CPU.ActiveCfg = Debug|x86
		{E07EAFEE-18D0-4A7F-8405-9A093D4E2EA7}.Debug|Mixed Platforms.ActiveCfg = Debug|x86
		{E07EAFEE-18D0-4A7F-8405-9A093D4E2EA7}.Debug|Mixed Platforms.Build.0 = Debug|x86
		{E07EAFEE-18D0-4A7F-8405-9A093D4E2EA7}.Debug|Win32.ActiveCfg = Debug|x86
		{E07EAFEE-18D0-4A7F-8405-9A093D4E2EA7}.Debug|x86.ActiveCfg = Debug|x86
		{E07EAFEE-18D0-4A7F-8405-9A093D4E2EA7}.Debug|x86.Build.0 = Debug|x86
		{E07EAFEE-18D0-4A7F-8405-9A093D4E2EA7}.Release|Any CPU.ActiveCfg = Release|x86
		{E07EAFEE-18D0-4A7F-8405-9A093D4E2EA7}.Release|Mixed Platforms.ActiveCfg = Release|x86
		{E07EAFEE-18D0-4A7F-8405-9A093D4E2EA7}.Release|Mixed Platforms.Build.0 = Release|x86
		{E07EAFEE-18D0-4A7F-8405-9A093D4E2EA7}.Release|Win32.ActiveCfg = Release|x86
		{E07EAFEE-18D0-4A7F-8405-9A093D4E2EA7}.Release|x86.ActiveCfg = Release|x86
		{E07EAFEE-18D0-4A7F-8405-9A093D4E2EA7}.Release|x86.Build.0 = Release|x86
		{C4B37C35-BCE4-4357-B204-9646C1ACC8C9}.Debug|Any CPU.ActiveCfg = Debug|x86
		{C4B37C35-BCE4-4357-B204-9646C1ACC8C9}.Debug|Mixed Platforms.ActiveCfg = Debug|x86
		{C4B37C35-BCE4-4357-B204-9646C1ACC8C9}.Debug|Mixed Platforms.Build.0 = Debug|x86
		{C4B37C35-BCE4-4357-B204-9646C1ACC8C9}.Debug|Win32.ActiveCfg = Debug|x86
		{C4B37C35-BCE4-4357-B204-9646C1ACC8C9}.Debug|x86.ActiveCfg = Debug|x86
		{C4B37C35-BCE4-4357-B204-9646C1ACC8C9}.Debug|x86.Build.0 = Debug|x86
		{C4B37C35-BCE4-4357-B204-9646C1ACC8C9}.Release|Any CPU.ActiveCfg = Release|x86
		{C4B37C35-BCE4-4357-B204-9646C1ACC8C9}.Release|Mixed Platforms.ActiveCfg = Release|x86
		{C4B37C35-BCE4-4357-B204-9646C1ACC8C9}.Release|Mixed Platforms.Build.0 = Release|x86
		{C4B37C35-BCE4-4357-B204-9646C1ACC8C9}.Release|Win32.ActiveCfg = Release|x86
		{C4B37C35-BCE4-4357-B204-9646C1ACC8C9}.Release|x86.ActiveCfg = Release|x86
		{C4B37C35-BCE4-4357-B204-9646C1ACC8C9}.Release|x86.Build.0 = Release|x86
		{C89C868A-8F9F-4B87-ACCD-A0322633E122}.Debug|Any CPU.ActiveCfg = Debug|x86
		{C89C868A-8F9F-4B87-ACCD-A0322633E122}.Debug|Mixed Platforms.ActiveCfg = Debug|x86
		{C89C868A-8F9F-4B87-ACCD-A0322633E122}.Debug|Mixed Platforms.Build.0 = Debug|x86
		{C89C868A-8F9F-4B87-ACCD-A0322633E122}.Debug|Win32.ActiveCfg = Debug|x86
		{C89C868A-8F9F-4B87-ACCD-A0322633E122}.Debug|x86.ActiveCfg = Debug|x86
		{C89C868A-8F9F-4B87-ACCD-A0322633E122}.Debug|x86.Build.0 = Debug|x86
		{C89C868A-8F9F-4B87-ACCD-A0322633E122}.Release|Any CPU.ActiveCfg = Release|x86
		{C89C868A-8F9F-4B87-ACCD-A0322633E122}.Release|Mixed Platforms.ActiveCfg = Release|x86
		{C89C868A-8F9F-4B87-ACCD-A0322633E122}.Release|Mixed Platforms.Build.0 = Release|x86
		{C89C868A-8F9F-4B87-ACCD-A0322633E122}.Release|Win32.ActiveCfg = Release|x86
		{C89C868A-8F9F-4B87-ACCD-A0322633E122}.Release|x86.ActiveCfg = Release|x86
		{C89C868A-8F9F-4B87-ACCD-A0322633E122}.Release|x86.Build.0 = Release|x86
		{0CBA28CF-3B7F-4615-96BF-93E4F33DC421}.Debug|Any CPU.ActiveCfg = Debug|Win32
		{0CBA28CF-3B7F-4615-96BF-93E4F33DC421}.Debug|Mixed Platforms.ActiveCfg = Debug|Win32
		{0CBA28CF-3B7F-4615-96BF-93E4F33DC421}.Debug|Mixed Platforms.Build.0 = Debug|Win32
		{0CBA28CF-3B7F-4615-96BF-93E4F33DC421}.Debug|Win32.ActiveCfg = Debug|Win32
		{0CBA28CF-3B7F-4615-96BF-93E4F33DC421}.Debug|Win32.Build.0 = Debug|Win32
		{0CBA28CF-3B7F-4615-96BF-93E4F33DC421}.Debug|x86.ActiveCfg = Debug|Win32
		{0CBA28CF-3B7F-4615-96BF-93E4F33DC421}.Release|Any CPU.ActiveCfg = Release|Win32
		{0CBA28CF-3B7F-4615-96BF-93E4F33DC421}.Release|Mixed Platforms.ActiveCfg = Release|Win32
		{0CBA28CF-3B7F-4615-96BF-93E4F33DC421}.Release|Mixed Platforms.Build.0 = Release|Win32
		{0CBA28CF-3B7F-4615-96BF-93E4F33DC421}.Release|Win32.ActiveCfg = Release|Win32
		{0CBA28CF-3B7F-4615-96BF-93E4F33DC421}.Release|Win32.Build.0 = Release|Win32
		{0CBA28CF-3B7F-4615-96BF-93E4F33DC421}.Release|x86.ActiveCfg = Release|Win32
		{78902E56-0720-4DFC-9983-A80A63C8156A}.Debug|Any CPU.ActiveCfg = Debug|x86
		{78902E56-0720-4DFC-9983-A80A63C8156A}.Debug|Mixed Platforms.ActiveCfg = Debug|x86
		{78902E56-0720-4DFC-9983-A80A63C8156A}.Debug|Mixed Platforms.Build.0 = Debug|x86
		{78902E56-0720-4DFC-9983-A80A63C8156A}.Debug|Win32.ActiveCfg = Debug|x86
		{78902E56-0720-4DFC-9983-A80A63C8156A}.Debug|x86.ActiveCfg = Debug|x86
		{78902E56-0720-4DFC-9983-A80A63C8156A}.Debug|x86.Build.0 = Debug|x86
		{78902E56-0720-4DFC-9983-A80A63C8156A}.Release|Any CPU.ActiveCfg = Release|x86
		{78902E56-0720-4DFC-9983-A80A63C8156A}.Release|Mixed Platforms.ActiveCfg = Release|x86
		{78902E56-0720-4DFC-9983-A80A63C8156A}.Release|Mixed Platforms.Build.0 = Release|x86
		{78902E56-0720-4DFC-9983-A80A63C8156A}.Release|Win32.ActiveCfg = Release|x86
		{78902E56-0720-4DFC-9983-A80A63C8156A}.Release|x86.ActiveCfg = Release|x86
		{78902E56-0720-4DFC-9983-A80A63C8156A}.Release|x86.Build.0 = Release|x86
		{7C54A782-6887-4627-88F2-7F21A49F58BD}.Debug|Any CPU.ActiveCfg = Debug|x86
		{7C54A782-6887-4627-88F2-7F21A49F58BD}.Debug|Mixed Platforms.ActiveCfg = Debug|x86
		{7C54A782-6887-4627-88F2-7F21A49F58BD}.Debug|Mixed Platforms.Build.0 = Debug|x86
		{7C54A782-6887-4627-88F2-7F21A49F58BD}.Debug|Win32.ActiveCfg = Debug|x86
		{7C54A782-6887-4627-88F2-7F21A49F58BD}.Debug|x86.ActiveCfg = Debug|x86
		{7C54A782-6887-4627-88F2-7F21A49F58BD}.Debug|x86.Build.0 = Debug|x86
		{7C54A782-6887-4627-88F2-7F21A49F58BD}.Release|Any CPU.ActiveCfg = Release|x86
		{7C54A782-6887-4627-88F2-7F21A49F58BD}.Release|Mixed Platforms.ActiveCfg = Release|x86
		{7C54A782-6887-4627-88F2-7F21A49F58BD}.Release|Mixed Platforms.Build.0 = Release|x86
		{7C54A782-6887-4627-88F2-7F21A49F58BD}.Release|Win32.ActiveCfg = Release|x86
		{7C54A782-6887-4627-88F2-7F21A49F58BD}.Release|x86.ActiveCfg = Release|x86
		{7C54A782-6887-4627-88F2-7F21A49F58BD}.Release|x86.Build.0 = Release|x86
		{9321DB8F-89F1-482A-BAF9-10B4647654F8}.Debug|Any CPU.ActiveCfg = Debug|Any CPU
		{9321DB8F-89F1-482A-BAF9-10B4647654F8}.Debug|Any CPU.Build.0 = Debug|Any CPU
		{9321DB8F-89F1-482A-BAF9-10B4647654F8}.Debug|Mixed Platforms.ActiveCfg = Debug|Any CPU
		{9321DB8F-89F1-482A-BAF9-10B4647654F8}.Debug|Mixed Platforms.Build.0 = Debug|Any CPU
		{9321DB8F-89F1-482A-BAF9-10B4647654F8}.Debug|Win32.ActiveCfg = Debug|Any CPU
		{9321DB8F-89F1-482A-BAF9-10B4647654F8}.Debug|x86.ActiveCfg = Debug|Any CPU
		{9321DB8F-89F1-482A-BAF9-10B4647654F8}.Release|Any CPU.ActiveCfg = Release|Any CPU
		{9321DB8F-89F1-482A-BAF9-10B4647654F8}.Release|Any CPU.Build.0 = Release|Any CPU
		{9321DB8F-89F1-482A-BAF9-10B4647654F8}.Release|Mixed Platforms.ActiveCfg = Release|Any CPU
		{9321DB8F-89F1-482A-BAF9-10B4647654F8}.Release|Mixed Platforms.Build.0 = Release|Any CPU
		{9321DB8F-89F1-482A-BAF9-10B4647654F8}.Release|Win32.ActiveCfg = Release|Any CPU
		{9321DB8F-89F1-482A-BAF9-10B4647654F8}.Release|x86.ActiveCfg = Release|Any CPU
		{2220A42D-0D9D-4E57-84A3-D2CB5012C6A4}.Debug|Any CPU.ActiveCfg = Debug|Any CPU
		{2220A42D-0D9D-4E57-84A3-D2CB5012C6A4}.Debug|Any CPU.Build.0 = Debug|Any CPU
		{2220A42D-0D9D-4E57-84A3-D2CB5012C6A4}.Debug|Mixed Platforms.ActiveCfg = Debug|Any CPU
		{2220A42D-0D9D-4E57-84A3-D2CB5012C6A4}.Debug|Mixed Platforms.Build.0 = Debug|Any CPU
		{2220A42D-0D9D-4E57-84A3-D2CB5012C6A4}.Debug|Win32.ActiveCfg = Debug|Any CPU
		{2220A42D-0D9D-4E57-84A3-D2CB5012C6A4}.Debug|x86.ActiveCfg = Debug|Any CPU
		{2220A42D-0D9D-4E57-84A3-D2CB5012C6A4}.Release|Any CPU.ActiveCfg = Release|Any CPU
		{2220A42D-0D9D-4E57-84A3-D2CB5012C6A4}.Release|Any CPU.Build.0 = Release|Any CPU
		{2220A42D-0D9D-4E57-84A3-D2CB5012C6A4}.Release|Mixed Platforms.ActiveCfg = Release|Any CPU
		{2220A42D-0D9D-4E57-84A3-D2CB5012C6A4}.Release|Mixed Platforms.Build.0 = Release|Any CPU
		{2220A42D-0D9D-4E57-84A3-D2CB5012C6A4}.Release|Win32.ActiveCfg = Release|Any CPU
		{2220A42D-0D9D-4E57-84A3-D2CB5012C6A4}.Release|x86.ActiveCfg = Release|Any CPU
		{94F11967-AC01-4543-943C-C6EDE00FAAD5}.Debug|Any CPU.ActiveCfg = Debug|Win32
		{94F11967-AC01-4543-943C-C6EDE00FAAD5}.Debug|Mixed Platforms.ActiveCfg = Debug|Win32
		{94F11967-AC01-4543-943C-C6EDE00FAAD5}.Debug|Mixed Platforms.Build.0 = Debug|Win32
		{94F11967-AC01-4543-943C-C6EDE00FAAD5}.Debug|Win32.ActiveCfg = Debug|Win32
		{94F11967-AC01-4543-943C-C6EDE00FAAD5}.Debug|Win32.Build.0 = Debug|Win32
		{94F11967-AC01-4543-943C-C6EDE00FAAD5}.Debug|x86.ActiveCfg = Debug|Win32
		{94F11967-AC01-4543-943C-C6EDE00FAAD5}.Release|Any CPU.ActiveCfg = Release|Win32
		{94F11967-AC01-4543-943C-C6EDE00FAAD5}.Release|Mixed Platforms.ActiveCfg = Release|Win32
		{94F11967-AC01-4543-943C-C6EDE00FAAD5}.Release|Mixed Platforms.Build.0 = Release|Win32
		{94F11967-AC01-4543-943C-C6EDE00FAAD5}.Release|Win32.ActiveCfg = Release|Win32
		{94F11967-AC01-4543-943C-C6EDE00FAAD5}.Release|Win32.Build.0 = Release|Win32
		{94F11967-AC01-4543-943C-C6EDE00FAAD5}.Release|x86.ActiveCfg = Release|Win32
	EndGlobalSection
	GlobalSection(SolutionProperties) = preSolution
		HideSolutionNode = FALSE
	EndGlobalSection
	GlobalSection(NestedProjects) = preSolution
		{9E662490-BF89-464A-951C-BB40AEC0715F} = {9D7880FE-AEA4-46B8-B947-74D83550B74C}
		{02398966-A60A-4212-A883-4E14E9EBC89F} = {9D7880FE-AEA4-46B8-B947-74D83550B74C}
		{EF1AA8F8-0C4F-453A-B3F5-3483373835DE} = {9D7880FE-AEA4-46B8-B947-74D83550B74C}
		{5D3AB38D-AC49-4A08-8EA8-27C9BE4A2BCD} = {03E060ED-A654-4D3D-9585-F3C6349F19BF}
		{D8D4029A-92B7-4E6D-A998-2438A8D56278} = {03E060ED-A654-4D3D-9585-F3C6349F19BF}
		{175F9606-39AE-4754-901D-BBB310B71705} = {03E060ED-A654-4D3D-9585-F3C6349F19BF}
		{B5D66A9A-E4E4-405A-BBA9-4CCD7D8ACB2B} = {5D3AB38D-AC49-4A08-8EA8-27C9BE4A2BCD}
		{B67B411C-4B6E-4468-B8DA-F956D22E0D60} = {5D3AB38D-AC49-4A08-8EA8-27C9BE4A2BCD}
		{B1F846B2-1807-4192-BA28-4DED5F52903F} = {5D3AB38D-AC49-4A08-8EA8-27C9BE4A2BCD}
		{63586193-26C9-400D-A622-19CC02C658FE} = {B1F846B2-1807-4192-BA28-4DED5F52903F}
		{D1141991-EB02-463F-A104-873FD7D1EAF3} = {B1F846B2-1807-4192-BA28-4DED5F52903F}
		{5D0F0C70-7B8E-41C0-8CCB-302E827C5F51} = {B1F846B2-1807-4192-BA28-4DED5F52903F}
		{E07EAFEE-18D0-4A7F-8405-9A093D4E2EA7} = {63586193-26C9-400D-A622-19CC02C658FE}
		{C4B37C35-BCE4-4357-B204-9646C1ACC8C9} = {D1141991-EB02-463F-A104-873FD7D1EAF3}
		{C89C868A-8F9F-4B87-ACCD-A0322633E122} = {5D0F0C70-7B8E-41C0-8CCB-302E827C5F51}
		{0CBA28CF-3B7F-4615-96BF-93E4F33DC421} = {D8D4029A-92B7-4E6D-A998-2438A8D56278}
		{78902E56-0720-4DFC-9983-A80A63C8156A} = {D8D4029A-92B7-4E6D-A998-2438A8D56278}
		{7C54A782-6887-4627-88F2-7F21A49F58BD} = {175F9606-39AE-4754-901D-BBB310B71705}
		{E632871E-B9A7-4178-9392-F245BDF94EED} = {175F9606-39AE-4754-901D-BBB310B71705}
		{72E9D9E6-5E2D-4842-8053-AF0EAA9A04C8} = {175F9606-39AE-4754-901D-BBB310B71705}
		{9321DB8F-89F1-482A-BAF9-10B4647654F8} = {E632871E-B9A7-4178-9392-F245BDF94EED}
		{2220A42D-0D9D-4E57-84A3-D2CB5012C6A4} = {E632871E-B9A7-4178-9392-F245BDF94EED}
		{94F11967-AC01-4543-943C-C6EDE00FAAD5} = {72E9D9E6-5E2D-4842-8053-AF0EAA9A04C8}
	EndGlobalSection
EndGlobal
